
Microsoft Visual Studio Solution File, Format Version 12.00
# Visual Studio 14
VisualStudioVersion = 14.0.25123.0
MinimumVisualStudioVersion = 10.0.40219.1
Project("{FAE04EC0-301F-11D3-BF4B-00C04F79EFBC}") = "ConsoleApplication", "ConsoleApplication\ConsoleApplication.csproj", "{F7502FE5-0A1E-4513-89B4-0B782023FAB2}"
EndProject
Project("{FAE04EC0-301F-11D3-BF4B-00C04F79EFBC}") = "Math", "Math\Math.csproj", "{3A557A51-ED6C-4812-9DB9-7E4C2784992D}"
EndProject
Project("{FAE04EC0-301F-11D3-BF4B-00C04F79EFBC}") = "UnitTestProject1", "UnitTestProject1\UnitTestProject1.csproj", "{A21559CC-AC02-4891-AE1D-FC659781B37C}"
EndProject
Global
	GlobalSection(SolutionConfigurationPlatforms) = preSolution
		Debug|Any CPU = Debug|Any CPU
		Release|Any CPU = Release|Any CPU
	EndGlobalSection
	GlobalSection(ProjectConfigurationPlatforms) = postSolution
		{F7502FE5-0A1E-4513-89B4-0B782023FAB2}.Debug|Any CPU.ActiveCfg = Debug|Any CPU
		{F7502FE5-0A1E-4513-89B4-0B782023FAB2}.Debug|Any CPU.Build.0 = Debug|Any CPU
		{F7502FE5-0A1E-4513-89B4-0B782023FAB2}.Release|Any CPU.ActiveCfg = Release|Any CPU
		{F7502FE5-0A1E-4513-89B4-0B782023FAB2}.Release|Any CPU.Build.0 = Release|Any CPU
		{3A557A51-ED6C-4812-9DB9-7E4C2784992D}.Debug|Any CPU.ActiveCfg = Debug|Any CPU
		{3A557A51-ED6C-4812-9DB9-7E4C2784992D}.Debug|Any CPU.Build.0 = Debug|Any CPU
		{3A557A51-ED6C-4812-9DB9-7E4C2784992D}.Release|Any CPU.ActiveCfg = Release|Any CPU
		{3A557A51-ED6C-4812-9DB9-7E4C2784992D}.Release|Any CPU.Build.0 = Release|Any CPU
		{A21559CC-AC02-4891-AE1D-FC659781B37C}.Debug|Any CPU.ActiveCfg = Debug|Any CPU
		{A21559CC-AC02-4891-AE1D-FC659781B37C}.Debug|Any CPU.Build.0 = Debug|Any CPU
		{A21559CC-AC02-4891-AE1D-FC659781B37C}.Release|Any CPU.ActiveCfg = Release|Any CPU
		{A21559CC-AC02-4891-AE1D-FC659781B37C}.Release|Any CPU.Build.0 = Release|Any CPU
	EndGlobalSection
	GlobalSection(SolutionProperties) = preSolution
		HideSolutionNode = FALSE
	EndGlobalSection
EndGlobal
